
Microsoft Visual Studio Solution File, Format Version 12.00
# Visual Studio Version 16
VisualStudioVersion = 16.0.30204.135
MinimumVisualStudioVersion = 10.0.40219.1
Project("{9A19103F-16F7-4668-BE54-9A1E7A4F7556}") = "NPublic.DapperCore", "NPublic.DapperCore\NPublic.DapperCore.csproj", "{08AC405E-2983-4254-8379-D6270D342E55}"
EndProject
Project("{9A19103F-16F7-4668-BE54-9A1E7A4F7556}") = "NPublic.TestCore", "NPublic.TestCore\NPublic.TestCore.csproj", "{2C9F46BC-AFA1-4C61-A57B-EBFFCAD764E9}"
EndProject
Project("{FAE04EC0-301F-11D3-BF4B-00C04F79EFBC}") = "NPublic.Test", "NPublic.Test\NPublic.Test.csproj", "{598DC0C1-29FF-4676-9114-242C61A15879}"
EndProject
Project("{9A19103F-16F7-4668-BE54-9A1E7A4F7556}") = "NPublic.DapperCoreDemo", "NPublic.DapperCoreDemo\NPublic.DapperCoreDemo.csproj", "{DF66BFC1-3DEA-48A5-AA57-D161A34CD5D2}"
EndProject
Project("{FAE04EC0-301F-11D3-BF4B-00C04F79EFBC}") = "NPublic.Dapper", "NPublic.Dapper\NPublic.Dapper.csproj", "{A5F6FE4C-11BE-4E41-A036-D39992EAFB16}"
EndProject
Project("{2150E333-8FDC-42A3-9474-1A3956D46DE8}") = "NPublic.Core", "NPublic.Core", "{9EEEC11B-83C0-47A8-847F-83263393589F}"
EndProject
Project("{2150E333-8FDC-42A3-9474-1A3956D46DE8}") = "NPublic.Framework", "NPublic.Framework", "{6DDE5285-81A8-450C-AF69-E257E4888DD6}"
EndProject
Project("{9A19103F-16F7-4668-BE54-9A1E7A4F7556}") = "NPublic.LoggerCore", "NPublic.LoggerCore\NPublic.LoggerCore.csproj", "{0A1779C9-38B0-4955-A496-CACB51392192}"
EndProject
Project("{FAE04EC0-301F-11D3-BF4B-00C04F79EFBC}") = "NPublic.Logger", "NPublic.Logger\NPublic.Logger.csproj", "{2E537A5D-2922-4DA3-B936-D060AD4A0914}"
EndProject
Project("{9A19103F-16F7-4668-BE54-9A1E7A4F7556}") = "NPublic.DICore", "NPublic.DICore\NPublic.DICore.csproj", "{B31DF899-0B76-42D0-8E78-AE71FBA81829}"
EndProject
Project("{FAE04EC0-301F-11D3-BF4B-00C04F79EFBC}") = "NPublic.DI", "NPublic.DI\NPublic.DI.csproj", "{2E2C4235-6A1E-4A97-929B-7E672183EB9D}"
EndProject
Project("{2150E333-8FDC-42A3-9474-1A3956D46DE8}") = "NPublic.CoreTest", "NPublic.CoreTest", "{87E734D0-1FF9-47D4-A53C-2C4CB2AB29C5}"
EndProject
Project("{FAE04EC0-301F-11D3-BF4B-00C04F79EFBC}") = "NPublic.DapperTest", "NPublic.DapperTest\NPublic.DapperTest.csproj", "{EF19F9D3-6DE5-4114-B49E-CA8AE7FDDE6C}"
EndProject
Global
	GlobalSection(SolutionConfigurationPlatforms) = preSolution
		Debug|Any CPU = Debug|Any CPU
		Release|Any CPU = Release|Any CPU
	EndGlobalSection
	GlobalSection(ProjectConfigurationPlatforms) = postSolution
		{08AC405E-2983-4254-8379-D6270D342E55}.Debug|Any CPU.ActiveCfg = Debug|Any CPU
		{08AC405E-2983-4254-8379-D6270D342E55}.Debug|Any CPU.Build.0 = Debug|Any CPU
		{08AC405E-2983-4254-8379-D6270D342E55}.Release|Any CPU.ActiveCfg = Release|Any CPU
		{08AC405E-2983-4254-8379-D6270D342E55}.Release|Any CPU.Build.0 = Release|Any CPU
		{2C9F46BC-AFA1-4C61-A57B-EBFFCAD764E9}.Debug|Any CPU.ActiveCfg = Debug|Any CPU
		{2C9F46BC-AFA1-4C61-A57B-EBFFCAD764E9}.Debug|Any CPU.Build.0 = Debug|Any CPU
		{2C9F46BC-AFA1-4C61-A57B-EBFFCAD764E9}.Release|Any CPU.ActiveCfg = Release|Any CPU
		{2C9F46BC-AFA1-4C61-A57B-EBFFCAD764E9}.Release|Any CPU.Build.0 = Release|Any CPU
		{598DC0C1-29FF-4676-9114-242C61A15879}.Debug|Any CPU.ActiveCfg = Debug|Any CPU
		{598DC0C1-29FF-4676-9114-242C61A15879}.Debug|Any CPU.Build.0 = Debug|Any CPU
		{598DC0C1-29FF-4676-9114-242C61A15879}.Release|Any CPU.ActiveCfg = Release|Any CPU
		{598DC0C1-29FF-4676-9114-242C61A15879}.Release|Any CPU.Build.0 = Release|Any CPU
		{DF66BFC1-3DEA-48A5-AA57-D161A34CD5D2}.Debug|Any CPU.ActiveCfg = Debug|Any CPU
		{DF66BFC1-3DEA-48A5-AA57-D161A34CD5D2}.Debug|Any CPU.Build.0 = Debug|Any CPU
		{DF66BFC1-3DEA-48A5-AA57-D161A34CD5D2}.Release|Any CPU.ActiveCfg = Release|Any CPU
		{DF66BFC1-3DEA-48A5-AA57-D161A34CD5D2}.Release|Any CPU.Build.0 = Release|Any CPU
		{A5F6FE4C-11BE-4E41-A036-D39992EAFB16}.Debug|Any CPU.ActiveCfg = Debug|Any CPU
		{A5F6FE4C-11BE-4E41-A036-D39992EAFB16}.Debug|Any CPU.Build.0 = Debug|Any CPU
		{A5F6FE4C-11BE-4E41-A036-D39992EAFB16}.Release|Any CPU.ActiveCfg = Release|Any CPU
		{A5F6FE4C-11BE-4E41-A036-D39992EAFB16}.Release|Any CPU.Build.0 = Release|Any CPU
		{0A1779C9-38B0-4955-A496-CACB51392192}.Debug|Any CPU.ActiveCfg = Debug|Any CPU
		{0A1779C9-38B0-4955-A496-CACB51392192}.Debug|Any CPU.Build.0 = Debug|Any CPU
		{0A1779C9-38B0-4955-A496-CACB51392192}.Release|Any CPU.ActiveCfg = Release|Any CPU
		{0A1779C9-38B0-4955-A496-CACB51392192}.Release|Any CPU.Build.0 = Release|Any CPU
		{2E537A5D-2922-4DA3-B936-D060AD4A0914}.Debug|Any CPU.ActiveCfg = Debug|Any CPU
		{2E537A5D-2922-4DA3-B936-D060AD4A0914}.Debug|Any CPU.Build.0 = Debug|Any CPU
		{2E537A5D-2922-4DA3-B936-D060AD4A0914}.Release|Any CPU.ActiveCfg = Release|Any CPU
		{2E537A5D-2922-4DA3-B936-D060AD4A0914}.Release|Any CPU.Build.0 = Release|Any CPU
		{B31DF899-0B76-42D0-8E78-AE71FBA81829}.Debug|Any CPU.ActiveCfg = Debug|Any CPU
		{B31DF899-0B76-42D0-8E78-AE71FBA81829}.Debug|Any CPU.Build.0 = Debug|Any CPU
		{B31DF899-0B76-42D0-8E78-AE71FBA81829}.Release|Any CPU.ActiveCfg = Release|Any CPU
		{B31DF899-0B76-42D0-8E78-AE71FBA81829}.Release|Any CPU.Build.0 = Release|Any CPU
		{2E2C4235-6A1E-4A97-929B-7E672183EB9D}.Debug|Any CPU.ActiveCfg = Debug|Any CPU
		{2E2C4235-6A1E-4A97-929B-7E672183EB9D}.Debug|Any CPU.Build.0 = Debug|Any CPU
		{2E2C4235-6A1E-4A97-929B-7E672183EB9D}.Release|Any CPU.ActiveCfg = Release|Any CPU
		{2E2C4235-6A1E-4A97-929B-7E672183EB9D}.Release|Any CPU.Build.0 = Release|Any CPU
		{EF19F9D3-6DE5-4114-B49E-CA8AE7FDDE6C}.Debug|Any CPU.ActiveCfg = Debug|Any CPU
		{EF19F9D3-6DE5-4114-B49E-CA8AE7FDDE6C}.Debug|Any CPU.Build.0 = Debug|Any CPU
		{EF19F9D3-6DE5-4114-B49E-CA8AE7FDDE6C}.Release|Any CPU.ActiveCfg = Release|Any CPU
		{EF19F9D3-6DE5-4114-B49E-CA8AE7FDDE6C}.Release|Any CPU.Build.0 = Release|Any CPU
	EndGlobalSection
	GlobalSection(SolutionProperties) = preSolution
		HideSolutionNode = FALSE
	EndGlobalSection
	GlobalSection(NestedProjects) = preSolution
		{08AC405E-2983-4254-8379-D6270D342E55} = {9EEEC11B-83C0-47A8-847F-83263393589F}
		{2C9F46BC-AFA1-4C61-A57B-EBFFCAD764E9} = {87E734D0-1FF9-47D4-A53C-2C4CB2AB29C5}
		{DF66BFC1-3DEA-48A5-AA57-D161A34CD5D2} = {87E734D0-1FF9-47D4-A53C-2C4CB2AB29C5}
		{A5F6FE4C-11BE-4E41-A036-D39992EAFB16} = {6DDE5285-81A8-450C-AF69-E257E4888DD6}
		{0A1779C9-38B0-4955-A496-CACB51392192} = {9EEEC11B-83C0-47A8-847F-83263393589F}
		{2E537A5D-2922-4DA3-B936-D060AD4A0914} = {6DDE5285-81A8-450C-AF69-E257E4888DD6}
		{B31DF899-0B76-42D0-8E78-AE71FBA81829} = {9EEEC11B-83C0-47A8-847F-83263393589F}
		{2E2C4235-6A1E-4A97-929B-7E672183EB9D} = {6DDE5285-81A8-450C-AF69-E257E4888DD6}
	EndGlobalSection
	GlobalSection(ExtensibilityGlobals) = postSolution
		SolutionGuid = {E0861B8D-EF29-4A18-A131-15E58BFA31E9}
	EndGlobalSection
EndGlobal
